
Microsoft Visual Studio Solution File, Format Version 12.00
# Visual Studio Version 17
VisualStudioVersion = 17.4.33213.308
MinimumVisualStudioVersion = 10.0.40219.1
Project("{FAE04EC0-301F-11D3-BF4B-00C04F79EFBC}") = "25.02tap7", "25.02tap7\25.02tap7.csproj", "{DF4DF4BB-8510-49BC-B940-1F056C14F7A7}"
EndProject
Global
	GlobalSection(SolutionConfigurationPlatforms) = preSolution
		Debug|Any CPU = Debug|Any CPU
		Release|Any CPU = Release|Any CPU
	EndGlobalSection
	GlobalSection(ProjectConfigurationPlatforms) = postSolution
		{DF4DF4BB-8510-49BC-B940-1F056C14F7A7}.Debug|Any CPU.ActiveCfg = Debug|Any CPU
		{DF4DF4BB-8510-49BC-B940-1F056C14F7A7}.Debug|Any CPU.Build.0 = Debug|Any CPU
		{DF4DF4BB-8510-49BC-B940-1F056C14F7A7}.Release|Any CPU.ActiveCfg = Release|Any CPU
		{DF4DF4BB-8510-49BC-B940-1F056C14F7A7}.Release|Any CPU.Build.0 = Release|Any CPU
	EndGlobalSection
	GlobalSection(SolutionProperties) = preSolution
		HideSolutionNode = FALSE
	EndGlobalSection
	GlobalSection(ExtensibilityGlobals) = postSolution
		SolutionGuid = {2E268CCF-6F2D-4C26-83B7-A80DF7C2B1BF}
	EndGlobalSection
EndGlobal
