
Microsoft Visual Studio Solution File, Format Version 12.00
# Visual Studio Version 17
VisualStudioVersion = 17.4.33213.308
MinimumVisualStudioVersion = 10.0.40219.1
Project("{FAE04EC0-301F-11D3-BF4B-00C04F79EFBC}") = "25.02tap8", "25.02tap8\25.02tap8.csproj", "{FE1EA488-C06D-416D-AE44-71AD15FC621C}"
EndProject
Global
	GlobalSection(SolutionConfigurationPlatforms) = preSolution
		Debug|Any CPU = Debug|Any CPU
		Release|Any CPU = Release|Any CPU
	EndGlobalSection
	GlobalSection(ProjectConfigurationPlatforms) = postSolution
		{FE1EA488-C06D-416D-AE44-71AD15FC621C}.Debug|Any CPU.ActiveCfg = Debug|Any CPU
		{FE1EA488-C06D-416D-AE44-71AD15FC621C}.Debug|Any CPU.Build.0 = Debug|Any CPU
		{FE1EA488-C06D-416D-AE44-71AD15FC621C}.Release|Any CPU.ActiveCfg = Release|Any CPU
		{FE1EA488-C06D-416D-AE44-71AD15FC621C}.Release|Any CPU.Build.0 = Release|Any CPU
	EndGlobalSection
	GlobalSection(SolutionProperties) = preSolution
		HideSolutionNode = FALSE
	EndGlobalSection
	GlobalSection(ExtensibilityGlobals) = postSolution
		SolutionGuid = {309D1120-E56E-4E9B-8C7C-604059D97A71}
	EndGlobalSection
EndGlobal
