
Microsoft Visual Studio Solution File, Format Version 12.00
# Visual Studio Version 17
VisualStudioVersion = 17.4.33213.308
MinimumVisualStudioVersion = 10.0.40219.1
Project("{FAE04EC0-301F-11D3-BF4B-00C04F79EFBC}") = "25.02tap4", "25.02tap4\25.02tap4.csproj", "{1D8DC398-EA98-42C1-BE07-EE670CF98281}"
EndProject
Global
	GlobalSection(SolutionConfigurationPlatforms) = preSolution
		Debug|Any CPU = Debug|Any CPU
		Release|Any CPU = Release|Any CPU
	EndGlobalSection
	GlobalSection(ProjectConfigurationPlatforms) = postSolution
		{1D8DC398-EA98-42C1-BE07-EE670CF98281}.Debug|Any CPU.ActiveCfg = Debug|Any CPU
		{1D8DC398-EA98-42C1-BE07-EE670CF98281}.Debug|Any CPU.Build.0 = Debug|Any CPU
		{1D8DC398-EA98-42C1-BE07-EE670CF98281}.Release|Any CPU.ActiveCfg = Release|Any CPU
		{1D8DC398-EA98-42C1-BE07-EE670CF98281}.Release|Any CPU.Build.0 = Release|Any CPU
	EndGlobalSection
	GlobalSection(SolutionProperties) = preSolution
		HideSolutionNode = FALSE
	EndGlobalSection
	GlobalSection(ExtensibilityGlobals) = postSolution
		SolutionGuid = {3623C7A7-1E6F-4112-9D19-97BEFE607A4D}
	EndGlobalSection
EndGlobal
