
Microsoft Visual Studio Solution File, Format Version 12.00
# Visual Studio Version 17
VisualStudioVersion = 17.4.33213.308
MinimumVisualStudioVersion = 10.0.40219.1
Project("{FAE04EC0-301F-11D3-BF4B-00C04F79EFBC}") = "25.02tap10", "25.02tap10\25.02tap10.csproj", "{F33B9CDB-B0BA-48AC-A274-5E0683C4F503}"
EndProject
Global
	GlobalSection(SolutionConfigurationPlatforms) = preSolution
		Debug|Any CPU = Debug|Any CPU
		Release|Any CPU = Release|Any CPU
	EndGlobalSection
	GlobalSection(ProjectConfigurationPlatforms) = postSolution
		{F33B9CDB-B0BA-48AC-A274-5E0683C4F503}.Debug|Any CPU.ActiveCfg = Debug|Any CPU
		{F33B9CDB-B0BA-48AC-A274-5E0683C4F503}.Debug|Any CPU.Build.0 = Debug|Any CPU
		{F33B9CDB-B0BA-48AC-A274-5E0683C4F503}.Release|Any CPU.ActiveCfg = Release|Any CPU
		{F33B9CDB-B0BA-48AC-A274-5E0683C4F503}.Release|Any CPU.Build.0 = Release|Any CPU
	EndGlobalSection
	GlobalSection(SolutionProperties) = preSolution
		HideSolutionNode = FALSE
	EndGlobalSection
	GlobalSection(ExtensibilityGlobals) = postSolution
		SolutionGuid = {505128AE-F3A2-4457-AB94-D65006027987}
	EndGlobalSection
EndGlobal
